
Microsoft Visual Studio Solution File, Format Version 12.00
# Visual Studio Version 17
VisualStudioVersion = 17.0.32112.339
MinimumVisualStudioVersion = 10.0.40219.1
Project("{9A19103F-16F7-4668-BE54-9A1E7A4F7556}") = "Plan.Core", "src\Plan.Core\Plan.Core.csproj", "{7CA02408-CCD9-47EF-9E9A-5C9A4C93FA3B}"
EndProject
Project("{2150E333-8FDC-42A3-9474-1A3956D46DE8}") = "Shared", "Shared", "{C6958706-9985-4500-B080-3B98AA372BD6}"
EndProject
Project("{9A19103F-16F7-4668-BE54-9A1E7A4F7556}") = "Plan.Identity", "src\Plan.Identity\Plan.Identity.csproj", "{64AC441B-8D84-4A09-AD4A-A1CE9000A34E}"
EndProject
Project("{9A19103F-16F7-4668-BE54-9A1E7A4F7556}") = "Plan.Web", "src\Plan.Web\Plan.Web.csproj", "{BD6F4D29-B42F-47A6-AD9F-45BBBB7DC7E0}"
EndProject
Project("{9A19103F-16F7-4668-BE54-9A1E7A4F7556}") = "Plan.Cmd", "src\Plan.Cmd\Plan.Cmd.csproj", "{41D405DE-5E72-42A1-8C44-44EFAAD5A0CB}"
EndProject
Project("{9A19103F-16F7-4668-BE54-9A1E7A4F7556}") = "Plan.Services", "src\Plan.Services\Plan.Services.csproj", "{3E09FE6B-B08C-40BB-B972-E39C4AF9540F}"
EndProject
Global
	GlobalSection(SolutionConfigurationPlatforms) = preSolution
		Debug|Any CPU = Debug|Any CPU
		Release|Any CPU = Release|Any CPU
	EndGlobalSection
	GlobalSection(ProjectConfigurationPlatforms) = postSolution
		{7CA02408-CCD9-47EF-9E9A-5C9A4C93FA3B}.Debug|Any CPU.ActiveCfg = Debug|Any CPU
		{7CA02408-CCD9-47EF-9E9A-5C9A4C93FA3B}.Debug|Any CPU.Build.0 = Debug|Any CPU
		{7CA02408-CCD9-47EF-9E9A-5C9A4C93FA3B}.Release|Any CPU.ActiveCfg = Release|Any CPU
		{7CA02408-CCD9-47EF-9E9A-5C9A4C93FA3B}.Release|Any CPU.Build.0 = Release|Any CPU
		{64AC441B-8D84-4A09-AD4A-A1CE9000A34E}.Debug|Any CPU.ActiveCfg = Debug|Any CPU
		{64AC441B-8D84-4A09-AD4A-A1CE9000A34E}.Debug|Any CPU.Build.0 = Debug|Any CPU
		{64AC441B-8D84-4A09-AD4A-A1CE9000A34E}.Release|Any CPU.ActiveCfg = Release|Any CPU
		{64AC441B-8D84-4A09-AD4A-A1CE9000A34E}.Release|Any CPU.Build.0 = Release|Any CPU
		{BD6F4D29-B42F-47A6-AD9F-45BBBB7DC7E0}.Debug|Any CPU.ActiveCfg = Debug|Any CPU
		{BD6F4D29-B42F-47A6-AD9F-45BBBB7DC7E0}.Debug|Any CPU.Build.0 = Debug|Any CPU
		{BD6F4D29-B42F-47A6-AD9F-45BBBB7DC7E0}.Release|Any CPU.ActiveCfg = Release|Any CPU
		{BD6F4D29-B42F-47A6-AD9F-45BBBB7DC7E0}.Release|Any CPU.Build.0 = Release|Any CPU
		{41D405DE-5E72-42A1-8C44-44EFAAD5A0CB}.Debug|Any CPU.ActiveCfg = Debug|Any CPU
		{41D405DE-5E72-42A1-8C44-44EFAAD5A0CB}.Debug|Any CPU.Build.0 = Debug|Any CPU
		{41D405DE-5E72-42A1-8C44-44EFAAD5A0CB}.Release|Any CPU.ActiveCfg = Release|Any CPU
		{41D405DE-5E72-42A1-8C44-44EFAAD5A0CB}.Release|Any CPU.Build.0 = Release|Any CPU
		{3E09FE6B-B08C-40BB-B972-E39C4AF9540F}.Debug|Any CPU.ActiveCfg = Debug|Any CPU
		{3E09FE6B-B08C-40BB-B972-E39C4AF9540F}.Debug|Any CPU.Build.0 = Debug|Any CPU
		{3E09FE6B-B08C-40BB-B972-E39C4AF9540F}.Release|Any CPU.ActiveCfg = Release|Any CPU
		{3E09FE6B-B08C-40BB-B972-E39C4AF9540F}.Release|Any CPU.Build.0 = Release|Any CPU
	EndGlobalSection
	GlobalSection(SolutionProperties) = preSolution
		HideSolutionNode = FALSE
	EndGlobalSection
	GlobalSection(NestedProjects) = preSolution
		{7CA02408-CCD9-47EF-9E9A-5C9A4C93FA3B} = {C6958706-9985-4500-B080-3B98AA372BD6}
		{64AC441B-8D84-4A09-AD4A-A1CE9000A34E} = {C6958706-9985-4500-B080-3B98AA372BD6}
		{3E09FE6B-B08C-40BB-B972-E39C4AF9540F} = {C6958706-9985-4500-B080-3B98AA372BD6}
	EndGlobalSection
	GlobalSection(ExtensibilityGlobals) = postSolution
		SolutionGuid = {A5DF4161-08EA-425E-8E93-786CC7DC65D9}
	EndGlobalSection
EndGlobal
